// !$*UTF8*$!
{
	archiveVersion = 1;
	classes = {
	};
	objectVersion = 56;
	objects = {

/* Begin PBXBuildFile section */
		170178492951B18D00AB9FBA /* GoogleAuth in Frameworks */ = {isa = PBXBuildFile; productRef = 170178482951B18D00AB9FBA /* GoogleAuth */; };
		17238A9F294AF80500F61F6A /* MainViewController.swift in Sources */ = {isa = PBXBuildFile; fileRef = 17238A9E294AF80500F61F6A /* MainViewController.swift */; };
		17238AA9294B1ECD00F61F6A /* GoogleService-Info.plist in Resources */ = {isa = PBXBuildFile; fileRef = 17238AA8294B1ECD00F61F6A /* GoogleService-Info.plist */; };
		173867BE29306D5900C209AE /* AppDelegate.swift in Sources */ = {isa = PBXBuildFile; fileRef = 173867BD29306D5900C209AE /* AppDelegate.swift */; };
		173867C029306D5900C209AE /* SceneDelegate.swift in Sources */ = {isa = PBXBuildFile; fileRef = 173867BF29306D5900C209AE /* SceneDelegate.swift */; };
		173867C529306D5900C209AE /* Main.storyboard in Resources */ = {isa = PBXBuildFile; fileRef = 173867C329306D5900C209AE /* Main.storyboard */; };
		173867C729306D5A00C209AE /* Assets.xcassets in Resources */ = {isa = PBXBuildFile; fileRef = 173867C629306D5A00C209AE /* Assets.xcassets */; };
		173867CA29306D5A00C209AE /* LaunchScreen.storyboard in Resources */ = {isa = PBXBuildFile; fileRef = 173867C829306D5A00C209AE /* LaunchScreen.storyboard */; };
		173ED90B2935F4BA00BDDB20 /* LoginViewController.swift in Sources */ = {isa = PBXBuildFile; fileRef = 173ED90A2935F4BA00BDDB20 /* LoginViewController.swift */; };
		173ED90D2935FAD700BDDB20 /* LoginUseCase.swift in Sources */ = {isa = PBXBuildFile; fileRef = 173ED90C2935FAD700BDDB20 /* LoginUseCase.swift */; };
		175ACB0529348849004A2EA4 /* AuthManager.framework in Frameworks */ = {isa = PBXBuildFile; fileRef = 175ACB0429348849004A2EA4 /* AuthManager.framework */; };
		175ACB0629348849004A2EA4 /* AuthManager.framework in Embed Frameworks */ = {isa = PBXBuildFile; fileRef = 175ACB0429348849004A2EA4 /* AuthManager.framework */; settings = {ATTRIBUTES = (CodeSignOnCopy, RemoveHeadersOnCopy, ); }; };
		178CFB1B293DE0FE00602E04 /* API.swift in Sources */ = {isa = PBXBuildFile; fileRef = 178CFB1A293DE0FE00602E04 /* API.swift */; };
/* End PBXBuildFile section */

/* Begin PBXCopyFilesBuildPhase section */
		175ACB0729348849004A2EA4 /* Embed Frameworks */ = {
			isa = PBXCopyFilesBuildPhase;
			buildActionMask = 2147483647;
			dstPath = "";
			dstSubfolderSpec = 10;
			files = (
				175ACB0629348849004A2EA4 /* AuthManager.framework in Embed Frameworks */,
			);
			name = "Embed Frameworks";
			runOnlyForDeploymentPostprocessing = 0;
		};
/* End PBXCopyFilesBuildPhase section */

/* Begin PBXFileReference section */
		170178472951B16D00AB9FBA /* GoogleAuth */ = {isa = PBXFileReference; lastKnownFileType = wrapper; path = GoogleAuth; sourceTree = "<group>"; };
		17238A9E294AF80500F61F6A /* MainViewController.swift */ = {isa = PBXFileReference; lastKnownFileType = sourcecode.swift; path = MainViewController.swift; sourceTree = "<group>"; };
		17238AA8294B1ECD00F61F6A /* GoogleService-Info.plist */ = {isa = PBXFileReference; fileEncoding = 4; lastKnownFileType = text.plist.xml; path = "GoogleService-Info.plist"; sourceTree = "<group>"; };
		173867BA29306D5900C209AE /* ModuleDemo.app */ = {isa = PBXFileReference; explicitFileType = wrapper.application; includeInIndex = 0; path = ModuleDemo.app; sourceTree = BUILT_PRODUCTS_DIR; };
		173867BD29306D5900C209AE /* AppDelegate.swift */ = {isa = PBXFileReference; lastKnownFileType = sourcecode.swift; path = AppDelegate.swift; sourceTree = "<group>"; };
		173867BF29306D5900C209AE /* SceneDelegate.swift */ = {isa = PBXFileReference; lastKnownFileType = sourcecode.swift; path = SceneDelegate.swift; sourceTree = "<group>"; };
		173867C429306D5900C209AE /* Base */ = {isa = PBXFileReference; lastKnownFileType = file.storyboard; name = Base; path = Base.lproj/Main.storyboard; sourceTree = "<group>"; };
		173867C629306D5A00C209AE /* Assets.xcassets */ = {isa = PBXFileReference; lastKnownFileType = folder.assetcatalog; path = Assets.xcassets; sourceTree = "<group>"; };
		173867C929306D5A00C209AE /* Base */ = {isa = PBXFileReference; lastKnownFileType = file.storyboard; name = Base; path = Base.lproj/LaunchScreen.storyboard; sourceTree = "<group>"; };
		173867CB29306D5A00C209AE /* Info.plist */ = {isa = PBXFileReference; lastKnownFileType = text.plist.xml; path = Info.plist; sourceTree = "<group>"; };
		173ED90A2935F4BA00BDDB20 /* LoginViewController.swift */ = {isa = PBXFileReference; lastKnownFileType = sourcecode.swift; path = LoginViewController.swift; sourceTree = "<group>"; };
		173ED90C2935FAD700BDDB20 /* LoginUseCase.swift */ = {isa = PBXFileReference; lastKnownFileType = sourcecode.swift; path = LoginUseCase.swift; sourceTree = "<group>"; };
		175ACB0429348849004A2EA4 /* AuthManager.framework */ = {isa = PBXFileReference; explicitFileType = wrapper.framework; path = AuthManager.framework; sourceTree = BUILT_PRODUCTS_DIR; };
		178CFB1A293DE0FE00602E04 /* API.swift */ = {isa = PBXFileReference; lastKnownFileType = sourcecode.swift; path = API.swift; sourceTree = "<group>"; };
/* End PBXFileReference section */

/* Begin PBXFrameworksBuildPhase section */
		173867B729306D5900C209AE /* Frameworks */ = {
			isa = PBXFrameworksBuildPhase;
			buildActionMask = 2147483647;
			files = (
				175ACB0529348849004A2EA4 /* AuthManager.framework in Frameworks */,
				170178492951B18D00AB9FBA /* GoogleAuth in Frameworks */,
			);
			runOnlyForDeploymentPostprocessing = 0;
		};
/* End PBXFrameworksBuildPhase section */

/* Begin PBXGroup section */
		1701783A2951A8BB00AB9FBA /* Packages */ = {
			isa = PBXGroup;
			children = (
				170178472951B16D00AB9FBA /* GoogleAuth */,
			);
			name = Packages;
			sourceTree = "<group>";
		};
		17238A9D294AF7EC00F61F6A /* Main */ = {
			isa = PBXGroup;
			children = (
				17238A9E294AF80500F61F6A /* MainViewController.swift */,
			);
			path = Main;
			sourceTree = "<group>";
		};
		173867B129306D5900C209AE = {
			isa = PBXGroup;
			children = (
				1701783A2951A8BB00AB9FBA /* Packages */,
				173867BC29306D5900C209AE /* ModuleDemo */,
				173867BB29306D5900C209AE /* Products */,
				175ACB0329348849004A2EA4 /* Frameworks */,
			);
			sourceTree = "<group>";
		};
		173867BB29306D5900C209AE /* Products */ = {
			isa = PBXGroup;
			children = (
				173867BA29306D5900C209AE /* ModuleDemo.app */,
			);
			name = Products;
			sourceTree = "<group>";
		};
		173867BC29306D5900C209AE /* ModuleDemo */ = {
			isa = PBXGroup;
			children = (
				17238A9D294AF7EC00F61F6A /* Main */,
				178CFB19293DDF4100602E04 /* Login */,
				173867BD29306D5900C209AE /* AppDelegate.swift */,
				173867BF29306D5900C209AE /* SceneDelegate.swift */,
				173867C329306D5900C209AE /* Main.storyboard */,
				173867C629306D5A00C209AE /* Assets.xcassets */,
				173867C829306D5A00C209AE /* LaunchScreen.storyboard */,
				173867CB29306D5A00C209AE /* Info.plist */,
				17238AA8294B1ECD00F61F6A /* GoogleService-Info.plist */,
				178CFB1A293DE0FE00602E04 /* API.swift */,
			);
			path = ModuleDemo;
			sourceTree = "<group>";
		};
		175ACB0329348849004A2EA4 /* Frameworks */ = {
			isa = PBXGroup;
			children = (
				175ACB0429348849004A2EA4 /* AuthManager.framework */,
			);
			name = Frameworks;
			sourceTree = "<group>";
		};
		178CFB19293DDF4100602E04 /* Login */ = {
			isa = PBXGroup;
			children = (
				173ED90A2935F4BA00BDDB20 /* LoginViewController.swift */,
				173ED90C2935FAD700BDDB20 /* LoginUseCase.swift */,
			);
			path = Login;
			sourceTree = "<group>";
		};
/* End PBXGroup section */

/* Begin PBXNativeTarget section */
		173867B929306D5900C209AE /* ModuleDemo */ = {
			isa = PBXNativeTarget;
			buildConfigurationList = 173867CE29306D5A00C209AE /* Build configuration list for PBXNativeTarget "ModuleDemo" */;
			buildPhases = (
				173867B629306D5900C209AE /* Sources */,
				173867B729306D5900C209AE /* Frameworks */,
				173867B829306D5900C209AE /* Resources */,
				175ACB0729348849004A2EA4 /* Embed Frameworks */,
			);
			buildRules = (
			);
			dependencies = (
			);
			name = ModuleDemo;
			packageProductDependencies = (
				170178482951B18D00AB9FBA /* GoogleAuth */,
			);
			productName = ModuleDemo;
			productReference = 173867BA29306D5900C209AE /* ModuleDemo.app */;
			productType = "com.apple.product-type.application";
		};
/* End PBXNativeTarget section */

/* Begin PBXProject section */
		173867B229306D5900C209AE /* Project object */ = {
			isa = PBXProject;
			attributes = {
				BuildIndependentTargetsInParallel = 1;
				LastSwiftUpdateCheck = 1410;
				LastUpgradeCheck = 1410;
				TargetAttributes = {
					173867B929306D5900C209AE = {
						CreatedOnToolsVersion = 14.1;
					};
				};
			};
			buildConfigurationList = 173867B529306D5900C209AE /* Build configuration list for PBXProject "ModuleDemo" */;
			compatibilityVersion = "Xcode 14.0";
			developmentRegion = en;
			hasScannedForEncodings = 0;
			knownRegions = (
				en,
				Base,
			);
			mainGroup = 173867B129306D5900C209AE;
			packageReferences = (
			);
			productRefGroup = 173867BB29306D5900C209AE /* Products */;
			projectDirPath = "";
			projectRoot = "";
			targets = (
				173867B929306D5900C209AE /* ModuleDemo */,
			);
		};
/* End PBXProject section */

/* Begin PBXResourcesBuildPhase section */
		173867B829306D5900C209AE /* Resources */ = {
			isa = PBXResourcesBuildPhase;
			buildActionMask = 2147483647;
			files = (
				173867CA29306D5A00C209AE /* LaunchScreen.storyboard in Resources */,
				17238AA9294B1ECD00F61F6A /* GoogleService-Info.plist in Resources */,
				173867C729306D5A00C209AE /* Assets.xcassets in Resources */,
				173867C529306D5900C209AE /* Main.storyboard in Resources */,
			);
			runOnlyForDeploymentPostprocessing = 0;
		};
/* End PBXResourcesBuildPhase section */

/* Begin PBXSourcesBuildPhase section */
		173867B629306D5900C209AE /* Sources */ = {
			isa = PBXSourcesBuildPhase;
			buildActionMask = 2147483647;
			files = (
				173ED90B2935F4BA00BDDB20 /* LoginViewController.swift in Sources */,
				173867BE29306D5900C209AE /* AppDelegate.swift in Sources */,
				173867C029306D5900C209AE /* SceneDelegate.swift in Sources */,
				17238A9F294AF80500F61F6A /* MainViewController.swift in Sources */,
				173ED90D2935FAD700BDDB20 /* LoginUseCase.swift in Sources */,
				178CFB1B293DE0FE00602E04 /* API.swift in Sources */,
			);
			runOnlyForDeploymentPostprocessing = 0;
		};
/* End PBXSourcesBuildPhase section */

/* Begin PBXVariantGroup section */
		173867C329306D5900C209AE /* Main.storyboard */ = {
			isa = PBXVariantGroup;
			children = (
				173867C429306D5900C209AE /* Base */,
			);
			name = Main.storyboard;
			sourceTree = "<group>";
		};
		173867C829306D5A00C209AE /* LaunchScreen.storyboard */ = {
			isa = PBXVariantGroup;
			children = (
				173867C929306D5A00C209AE /* Base */,
			);
			name = LaunchScreen.storyboard;
			sourceTree = "<group>";
		};
/* End PBXVariantGroup section */

/* Begin XCBuildConfiguration section */
		173867CC29306D5A00C209AE /* Debug */ = {
			isa = XCBuildConfiguration;
			buildSettings = {
				ALWAYS_SEARCH_USER_PATHS = NO;
				CLANG_ANALYZER_NONNULL = YES;
				CLANG_ANALYZER_NUMBER_OBJECT_CONVERSION = YES_AGGRESSIVE;
				CLANG_CXX_LANGUAGE_STANDARD = "gnu++20";
				CLANG_ENABLE_MODULES = YES;
				CLANG_ENABLE_OBJC_ARC = YES;
				CLANG_ENABLE_OBJC_WEAK = YES;
				CLANG_WARN_BLOCK_CAPTURE_AUTORELEASING = YES;
				CLANG_WARN_BOOL_CONVERSION = YES;
				CLANG_WARN_COMMA = YES;
				CLANG_WARN_CONSTANT_CONVERSION = YES;
				CLANG_WARN_DEPRECATED_OBJC_IMPLEMENTATIONS = YES;
				CLANG_WARN_DIRECT_OBJC_ISA_USAGE = YES_ERROR;
				CLANG_WARN_DOCUMENTATION_COMMENTS = YES;
				CLANG_WARN_EMPTY_BODY = YES;
				CLANG_WARN_ENUM_CONVERSION = YES;
				CLANG_WARN_INFINITE_RECURSION = YES;
				CLANG_WARN_INT_CONVERSION = YES;
				CLANG_WARN_NON_LITERAL_NULL_CONVERSION = YES;
				CLANG_WARN_OBJC_IMPLICIT_RETAIN_SELF = YES;
				CLANG_WARN_OBJC_LITERAL_CONVERSION = YES;
				CLANG_WARN_OBJC_ROOT_CLASS = YES_ERROR;
				CLANG_WARN_QUOTED_INCLUDE_IN_FRAMEWORK_HEADER = YES;
				CLANG_WARN_RANGE_LOOP_ANALYSIS = YES;
				CLANG_WARN_STRICT_PROTOTYPES = YES;
				CLANG_WARN_SUSPICIOUS_MOVE = YES;
				CLANG_WARN_UNGUARDED_AVAILABILITY = YES_AGGRESSIVE;
				CLANG_WARN_UNREACHABLE_CODE = YES;
				CLANG_WARN__DUPLICATE_METHOD_MATCH = YES;
				COPY_PHASE_STRIP = NO;
				DEBUG_INFORMATION_FORMAT = dwarf;
				ENABLE_STRICT_OBJC_MSGSEND = YES;
				ENABLE_TESTABILITY = YES;
				GCC_C_LANGUAGE_STANDARD = gnu11;
				GCC_DYNAMIC_NO_PIC = NO;
				GCC_NO_COMMON_BLOCKS = YES;
				GCC_OPTIMIZATION_LEVEL = 0;
				GCC_PREPROCESSOR_DEFINITIONS = (
					"DEBUG=1",
					"$(inherited)",
				);
				GCC_WARN_64_TO_32_BIT_CONVERSION = YES;
				GCC_WARN_ABOUT_RETURN_TYPE = YES_ERROR;
				GCC_WARN_UNDECLARED_SELECTOR = YES;
				GCC_WARN_UNINITIALIZED_AUTOS = YES_AGGRESSIVE;
				GCC_WARN_UNUSED_FUNCTION = YES;
				GCC_WARN_UNUSED_VARIABLE = YES;
				IPHONEOS_DEPLOYMENT_TARGET = 16.1;
				MTL_ENABLE_DEBUG_INFO = INCLUDE_SOURCE;
				MTL_FAST_MATH = YES;
				ONLY_ACTIVE_ARCH = YES;
				SDKROOT = iphoneos;
				SWIFT_ACTIVE_COMPILATION_CONDITIONS = DEBUG;
				SWIFT_OPTIMIZATION_LEVEL = "-Onone";
			};
			name = Debug;
		};
		173867CD29306D5A00C209AE /* Release */ = {
			isa = XCBuildConfiguration;
			buildSettings = {
				ALWAYS_SEARCH_USER_PATHS = NO;
				CLANG_ANALYZER_NONNULL = YES;
				CLANG_ANALYZER_NUMBER_OBJECT_CONVERSION = YES_AGGRESSIVE;
				CLANG_CXX_LANGUAGE_STANDARD = "gnu++20";
				CLANG_ENABLE_MODULES = YES;
				CLANG_ENABLE_OBJC_ARC = YES;
				CLANG_ENABLE_OBJC_WEAK = YES;
				CLANG_WARN_BLOCK_CAPTURE_AUTORELEASING = YES;
				CLANG_WARN_BOOL_CONVERSION = YES;
				CLANG_WARN_COMMA = YES;
				CLANG_WARN_CONSTANT_CONVERSION = YES;
				CLANG_WARN_DEPRECATED_OBJC_IMPLEMENTATIONS = YES;
				CLANG_WARN_DIRECT_OBJC_ISA_USAGE = YES_ERROR;
				CLANG_WARN_DOCUMENTATION_COMMENTS = YES;
				CLANG_WARN_EMPTY_BODY = YES;
				CLANG_WARN_ENUM_CONVERSION = YES;
				CLANG_WARN_INFINITE_RECURSION = YES;
				CLANG_WARN_INT_CONVERSION = YES;
				CLANG_WARN_NON_LITERAL_NULL_CONVERSION = YES;
				CLANG_WARN_OBJC_IMPLICIT_RETAIN_SELF = YES;
				CLANG_WARN_OBJC_LITERAL_CONVERSION = YES;
				CLANG_WARN_OBJC_ROOT_CLASS = YES_ERROR;
				CLANG_WARN_QUOTED_INCLUDE_IN_FRAMEWORK_HEADER = YES;
				CLANG_WARN_RANGE_LOOP_ANALYSIS = YES;
				CLANG_WARN_STRICT_PROTOTYPES = YES;
				CLANG_WARN_SUSPICIOUS_MOVE = YES;
				CLANG_WARN_UNGUARDED_AVAILABILITY = YES_AGGRESSIVE;
				CLANG_WARN_UNREACHABLE_CODE = YES;
				CLANG_WARN__DUPLICATE_METHOD_MATCH = YES;
				COPY_PHASE_STRIP = NO;
				DEBUG_INFORMATION_FORMAT = "dwarf-with-dsym";
				ENABLE_NS_ASSERTIONS = NO;
				ENABLE_STRICT_OBJC_MSGSEND = YES;
				GCC_C_LANGUAGE_STANDARD = gnu11;
				GCC_NO_COMMON_BLOCKS = YES;
				GCC_WARN_64_TO_32_BIT_CONVERSION = YES;
				GCC_WARN_ABOUT_RETURN_TYPE = YES_ERROR;
				GCC_WARN_UNDECLARED_SELECTOR = YES;
				GCC_WARN_UNINITIALIZED_AUTOS = YES_AGGRESSIVE;
				GCC_WARN_UNUSED_FUNCTION = YES;
				GCC_WARN_UNUSED_VARIABLE = YES;
				IPHONEOS_DEPLOYMENT_TARGET = 16.1;
				MTL_ENABLE_DEBUG_INFO = NO;
				MTL_FAST_MATH = YES;
				SDKROOT = iphoneos;
				SWIFT_COMPILATION_MODE = wholemodule;
				SWIFT_OPTIMIZATION_LEVEL = "-O";
				VALIDATE_PRODUCT = YES;
			};
			name = Release;
		};
		173867CF29306D5A00C209AE /* Debug */ = {
			isa = XCBuildConfiguration;
			buildSettings = {
				ASSETCATALOG_COMPILER_APPICON_NAME = AppIcon;
				ASSETCATALOG_COMPILER_GLOBAL_ACCENT_COLOR_NAME = AccentColor;
				CODE_SIGN_STYLE = Manual;
				CURRENT_PROJECT_VERSION = 1;
				DEVELOPMENT_TEAM = "";
				GENERATE_INFOPLIST_FILE = YES;
				INFOPLIST_FILE = ModuleDemo/Info.plist;
				INFOPLIST_KEY_UIApplicationSupportsIndirectInputEvents = YES;
				INFOPLIST_KEY_UILaunchStoryboardName = LaunchScreen;
				INFOPLIST_KEY_UIMainStoryboardFile = Main;
				INFOPLIST_KEY_UISupportedInterfaceOrientations_iPad = "UIInterfaceOrientationPortrait UIInterfaceOrientationPortraitUpsideDown UIInterfaceOrientationLandscapeLeft UIInterfaceOrientationLandscapeRight";
				INFOPLIST_KEY_UISupportedInterfaceOrientations_iPhone = "UIInterfaceOrientationPortrait UIInterfaceOrientationLandscapeLeft UIInterfaceOrientationLandscapeRight";
				LD_RUNPATH_SEARCH_PATHS = (
					"$(inherited)",
					"@executable_path/Frameworks",
				);
				MARKETING_VERSION = 1.0;
				PRODUCT_BUNDLE_IDENTIFIER = "com.sun-asterisk.com.AuthManagerDemo";
				PRODUCT_NAME = "$(TARGET_NAME)";
				PROVISIONING_PROFILE_SPECIFIER = "";
				SWIFT_EMIT_LOC_STRINGS = YES;
				SWIFT_VERSION = 5.0;
				TARGETED_DEVICE_FAMILY = "1,2";
			};
			name = Debug;
		};
		173867D029306D5A00C209AE /* Release */ = {
			isa = XCBuildConfiguration;
			buildSettings = {
				ASSETCATALOG_COMPILER_APPICON_NAME = AppIcon;
				ASSETCATALOG_COMPILER_GLOBAL_ACCENT_COLOR_NAME = AccentColor;
				CODE_SIGN_STYLE = Manual;
				CURRENT_PROJECT_VERSION = 1;
				DEVELOPMENT_TEAM = "";
				GENERATE_INFOPLIST_FILE = YES;
				INFOPLIST_FILE = ModuleDemo/Info.plist;
				INFOPLIST_KEY_UIApplicationSupportsIndirectInputEvents = YES;
				INFOPLIST_KEY_UILaunchStoryboardName = LaunchScreen;
				INFOPLIST_KEY_UIMainStoryboardFile = Main;
				INFOPLIST_KEY_UISupportedInterfaceOrientations_iPad = "UIInterfaceOrientationPortrait UIInterfaceOrientationPortraitUpsideDown UIInterfaceOrientationLandscapeLeft UIInterfaceOrientationLandscapeRight";
				INFOPLIST_KEY_UISupportedInterfaceOrientations_iPhone = "UIInterfaceOrientationPortrait UIInterfaceOrientationLandscapeLeft UIInterfaceOrientationLandscapeRight";
				LD_RUNPATH_SEARCH_PATHS = (
					"$(inherited)",
					"@executable_path/Frameworks",
				);
				MARKETING_VERSION = 1.0;
				PRODUCT_BUNDLE_IDENTIFIER = "com.sun-asterisk.com.AuthManagerDemo";
				PRODUCT_NAME = "$(TARGET_NAME)";
				PROVISIONING_PROFILE_SPECIFIER = "";
				SWIFT_EMIT_LOC_STRINGS = YES;
				SWIFT_VERSION = 5.0;
				TARGETED_DEVICE_FAMILY = "1,2";
			};
			name = Release;
		};
/* End XCBuildConfiguration section */

/* Begin XCConfigurationList section */
		173867B529306D5900C209AE /* Build configuration list for PBXProject "ModuleDemo" */ = {
			isa = XCConfigurationList;
			buildConfigurations = (
				173867CC29306D5A00C209AE /* Debug */,
				173867CD29306D5A00C209AE /* Release */,
			);
			defaultConfigurationIsVisible = 0;
			defaultConfigurationName = Release;
		};
		173867CE29306D5A00C209AE /* Build configuration list for PBXNativeTarget "ModuleDemo" */ = {
			isa = XCConfigurationList;
			buildConfigurations = (
				173867CF29306D5A00C209AE /* Debug */,
				173867D029306D5A00C209AE /* Release */,
			);
			defaultConfigurationIsVisible = 0;
			defaultConfigurationName = Release;
		};
/* End XCConfigurationList section */

/* Begin XCSwiftPackageProductDependency section */
		170178482951B18D00AB9FBA /* GoogleAuth */ = {
			isa = XCSwiftPackageProductDependency;
			productName = GoogleAuth;
		};
/* End XCSwiftPackageProductDependency section */
	};
	rootObject = 173867B229306D5900C209AE /* Project object */;
}
