// !$*UTF8*$!
{
	archiveVersion = 1;
	classes = {
	};
	objectVersion = 56;
	objects = {

/* Begin PBXBuildFile section */
		174F055229594037001E1FA6 /* GoogleAuth in Frameworks */ = {isa = PBXBuildFile; productRef = 174F055129594037001E1FA6 /* GoogleAuth */; };
		174F055429594180001E1FA6 /* GoogleSignInUseCases.swift in Sources */ = {isa = PBXBuildFile; fileRef = 174F055329594180001E1FA6 /* GoogleSignInUseCases.swift */; };
		174F055A29594572001E1FA6 /* GoogleService-Info.plist in Resources */ = {isa = PBXBuildFile; fileRef = 174F055929594572001E1FA6 /* GoogleService-Info.plist */; };
		174F056629595372001E1FA6 /* AppDelegate.swift in Sources */ = {isa = PBXBuildFile; fileRef = 174F056529595372001E1FA6 /* AppDelegate.swift */; };
		174F056829595372001E1FA6 /* SceneDelegate.swift in Sources */ = {isa = PBXBuildFile; fileRef = 174F056729595372001E1FA6 /* SceneDelegate.swift */; };
		174F056D29595372001E1FA6 /* Main.storyboard in Resources */ = {isa = PBXBuildFile; fileRef = 174F056B29595372001E1FA6 /* Main.storyboard */; };
		174F056F29595372001E1FA6 /* Assets.xcassets in Resources */ = {isa = PBXBuildFile; fileRef = 174F056E29595372001E1FA6 /* Assets.xcassets */; };
		174F057229595372001E1FA6 /* LaunchScreen.storyboard in Resources */ = {isa = PBXBuildFile; fileRef = 174F057029595372001E1FA6 /* LaunchScreen.storyboard */; };
		174F05782959539A001E1FA6 /* GoogleService-Info.plist in Resources */ = {isa = PBXBuildFile; fileRef = 174F05772959539A001E1FA6 /* GoogleService-Info.plist */; };
		174F057B29595727001E1FA6 /* MainViewController.swift in Sources */ = {isa = PBXBuildFile; fileRef = 174F057A29595727001E1FA6 /* MainViewController.swift */; };
		174F057D29595756001E1FA6 /* CredentialAuth in Frameworks */ = {isa = PBXBuildFile; productRef = 174F057C29595756001E1FA6 /* CredentialAuth */; };
		174F057F29595756001E1FA6 /* GoogleAuth in Frameworks */ = {isa = PBXBuildFile; productRef = 174F057E29595756001E1FA6 /* GoogleAuth */; };
		174F05832959586E001E1FA6 /* LoginViewController.swift in Sources */ = {isa = PBXBuildFile; fileRef = 174F05822959586E001E1FA6 /* LoginViewController.swift */; };
		174F0584295958A7001E1FA6 /* GoogleSignInUseCases.swift in Sources */ = {isa = PBXBuildFile; fileRef = 174F055329594180001E1FA6 /* GoogleSignInUseCases.swift */; };
		174F0585295958A7001E1FA6 /* GetSignInMethod.swift in Sources */ = {isa = PBXBuildFile; fileRef = 1759D11B29557DCD001EB670 /* GetSignInMethod.swift */; };
		174F0586295958A7001E1FA6 /* GetSignInState.swift in Sources */ = {isa = PBXBuildFile; fileRef = 1759D11929557D81001EB670 /* GetSignInState.swift */; };
		174F0587295958A7001E1FA6 /* CredentialAuthUseCases.swift in Sources */ = {isa = PBXBuildFile; fileRef = 1759D10B2954550D001EB670 /* CredentialAuthUseCases.swift */; };
		174F0588295958AA001E1FA6 /* Token.swift in Sources */ = {isa = PBXBuildFile; fileRef = 1759D0FD295451E1001EB670 /* Token.swift */; };
		174F0589295958AA001E1FA6 /* User.swift in Sources */ = {isa = PBXBuildFile; fileRef = 1759D11129554DAB001EB670 /* User.swift */; };
		174F058A295958AE001E1FA6 /* CredentialAuthGateway.swift in Sources */ = {isa = PBXBuildFile; fileRef = 1759D10D2954552A001EB670 /* CredentialAuthGateway.swift */; };
		174F058C295958FD001E1FA6 /* Factory in Frameworks */ = {isa = PBXBuildFile; productRef = 174F058B295958FD001E1FA6 /* Factory */; };
		174F058D29595B0B001E1FA6 /* Publisher+.swift in Sources */ = {isa = PBXBuildFile; fileRef = 1759D123295591A2001EB670 /* Publisher+.swift */; };
		174F058E29595B0B001E1FA6 /* CancelBag.swift in Sources */ = {isa = PBXBuildFile; fileRef = 1759D11429554EF8001EB670 /* CancelBag.swift */; };
		174F058F29595B0B001E1FA6 /* View+.swift in Sources */ = {isa = PBXBuildFile; fileRef = 1759D125295591B9001EB670 /* View+.swift */; };
		1759D0D229544977001EB670 /* AuthExampleApp.swift in Sources */ = {isa = PBXBuildFile; fileRef = 1759D0D129544977001EB670 /* AuthExampleApp.swift */; };
		1759D0D629544978001EB670 /* Assets.xcassets in Resources */ = {isa = PBXBuildFile; fileRef = 1759D0D529544978001EB670 /* Assets.xcassets */; };
		1759D0D929544978001EB670 /* Preview Assets.xcassets in Resources */ = {isa = PBXBuildFile; fileRef = 1759D0D829544978001EB670 /* Preview Assets.xcassets */; };
		1759D0FE295451E1001EB670 /* Token.swift in Sources */ = {isa = PBXBuildFile; fileRef = 1759D0FD295451E1001EB670 /* Token.swift */; };
		1759D10329545253001EB670 /* CredentialAuth in Frameworks */ = {isa = PBXBuildFile; productRef = 1759D10229545253001EB670 /* CredentialAuth */; };
		1759D1072954531F001EB670 /* MainView.swift in Sources */ = {isa = PBXBuildFile; fileRef = 1759D1062954531F001EB670 /* MainView.swift */; };
		1759D10A29545429001EB670 /* Factory in Frameworks */ = {isa = PBXBuildFile; productRef = 1759D10929545429001EB670 /* Factory */; };
		1759D10C2954550D001EB670 /* CredentialAuthUseCases.swift in Sources */ = {isa = PBXBuildFile; fileRef = 1759D10B2954550D001EB670 /* CredentialAuthUseCases.swift */; };
		1759D10E2954552A001EB670 /* CredentialAuthGateway.swift in Sources */ = {isa = PBXBuildFile; fileRef = 1759D10D2954552A001EB670 /* CredentialAuthGateway.swift */; };
		1759D11029554D3B001EB670 /* AppDelegate.swift in Sources */ = {isa = PBXBuildFile; fileRef = 1759D10F29554D3B001EB670 /* AppDelegate.swift */; };
		1759D11229554DAB001EB670 /* User.swift in Sources */ = {isa = PBXBuildFile; fileRef = 1759D11129554DAB001EB670 /* User.swift */; };
		1759D11529554EF8001EB670 /* CancelBag.swift in Sources */ = {isa = PBXBuildFile; fileRef = 1759D11429554EF8001EB670 /* CancelBag.swift */; };
		1759D11A29557D81001EB670 /* GetSignInState.swift in Sources */ = {isa = PBXBuildFile; fileRef = 1759D11929557D81001EB670 /* GetSignInState.swift */; };
		1759D11C29557DCD001EB670 /* GetSignInMethod.swift in Sources */ = {isa = PBXBuildFile; fileRef = 1759D11B29557DCD001EB670 /* GetSignInMethod.swift */; };
		1759D11E29557EFE001EB670 /* LoginView.swift in Sources */ = {isa = PBXBuildFile; fileRef = 1759D11D29557EFE001EB670 /* LoginView.swift */; };
		1759D12129558103001EB670 /* ValidatedPropertyKit in Frameworks */ = {isa = PBXBuildFile; productRef = 1759D12029558103001EB670 /* ValidatedPropertyKit */; };
		1759D124295591A2001EB670 /* Publisher+.swift in Sources */ = {isa = PBXBuildFile; fileRef = 1759D123295591A2001EB670 /* Publisher+.swift */; };
		1759D126295591B9001EB670 /* View+.swift in Sources */ = {isa = PBXBuildFile; fileRef = 1759D125295591B9001EB670 /* View+.swift */; };
/* End PBXBuildFile section */

/* Begin PBXFileReference section */
		174F05502959402B001E1FA6 /* GoogleAuth */ = {isa = PBXFileReference; lastKnownFileType = wrapper; name = GoogleAuth; path = ../GoogleAuth; sourceTree = "<group>"; };
		174F055329594180001E1FA6 /* GoogleSignInUseCases.swift */ = {isa = PBXFileReference; lastKnownFileType = sourcecode.swift; path = GoogleSignInUseCases.swift; sourceTree = "<group>"; };
		174F055929594572001E1FA6 /* GoogleService-Info.plist */ = {isa = PBXFileReference; fileEncoding = 4; lastKnownFileType = text.plist.xml; path = "GoogleService-Info.plist"; sourceTree = "<group>"; };
		174F055B2959460F001E1FA6 /* Info.plist */ = {isa = PBXFileReference; lastKnownFileType = text.plist; path = Info.plist; sourceTree = "<group>"; };
		174F056329595371001E1FA6 /* AuthExampleMVC.app */ = {isa = PBXFileReference; explicitFileType = wrapper.application; includeInIndex = 0; path = AuthExampleMVC.app; sourceTree = BUILT_PRODUCTS_DIR; };
		174F056529595372001E1FA6 /* AppDelegate.swift */ = {isa = PBXFileReference; lastKnownFileType = sourcecode.swift; path = AppDelegate.swift; sourceTree = "<group>"; };
		174F056729595372001E1FA6 /* SceneDelegate.swift */ = {isa = PBXFileReference; lastKnownFileType = sourcecode.swift; path = SceneDelegate.swift; sourceTree = "<group>"; };
		174F056C29595372001E1FA6 /* Base */ = {isa = PBXFileReference; lastKnownFileType = file.storyboard; name = Base; path = Base.lproj/Main.storyboard; sourceTree = "<group>"; };
		174F056E29595372001E1FA6 /* Assets.xcassets */ = {isa = PBXFileReference; lastKnownFileType = folder.assetcatalog; path = Assets.xcassets; sourceTree = "<group>"; };
		174F057129595372001E1FA6 /* Base */ = {isa = PBXFileReference; lastKnownFileType = file.storyboard; name = Base; path = Base.lproj/LaunchScreen.storyboard; sourceTree = "<group>"; };
		174F057329595372001E1FA6 /* Info.plist */ = {isa = PBXFileReference; lastKnownFileType = text.plist.xml; path = Info.plist; sourceTree = "<group>"; };
		174F05772959539A001E1FA6 /* GoogleService-Info.plist */ = {isa = PBXFileReference; fileEncoding = 4; lastKnownFileType = text.plist.xml; path = "GoogleService-Info.plist"; sourceTree = "<group>"; };
		174F057A29595727001E1FA6 /* MainViewController.swift */ = {isa = PBXFileReference; lastKnownFileType = sourcecode.swift; path = MainViewController.swift; sourceTree = "<group>"; };
		174F05822959586E001E1FA6 /* LoginViewController.swift */ = {isa = PBXFileReference; lastKnownFileType = sourcecode.swift; path = LoginViewController.swift; sourceTree = "<group>"; };
		1759D0CE29544977001EB670 /* AuthExample.app */ = {isa = PBXFileReference; explicitFileType = wrapper.application; includeInIndex = 0; path = AuthExample.app; sourceTree = BUILT_PRODUCTS_DIR; };
		1759D0D129544977001EB670 /* AuthExampleApp.swift */ = {isa = PBXFileReference; lastKnownFileType = sourcecode.swift; path = AuthExampleApp.swift; sourceTree = "<group>"; };
		1759D0D529544978001EB670 /* Assets.xcassets */ = {isa = PBXFileReference; lastKnownFileType = folder.assetcatalog; path = Assets.xcassets; sourceTree = "<group>"; };
		1759D0D829544978001EB670 /* Preview Assets.xcassets */ = {isa = PBXFileReference; lastKnownFileType = folder.assetcatalog; path = "Preview Assets.xcassets"; sourceTree = "<group>"; };
		1759D0FD295451E1001EB670 /* Token.swift */ = {isa = PBXFileReference; lastKnownFileType = sourcecode.swift; path = Token.swift; sourceTree = "<group>"; };
		1759D10029545245001EB670 /* CredentialAuth */ = {isa = PBXFileReference; lastKnownFileType = wrapper; name = CredentialAuth; path = ../CredentialAuth; sourceTree = "<group>"; };
		1759D1062954531F001EB670 /* MainView.swift */ = {isa = PBXFileReference; lastKnownFileType = sourcecode.swift; path = MainView.swift; sourceTree = "<group>"; };
		1759D10B2954550D001EB670 /* CredentialAuthUseCases.swift */ = {isa = PBXFileReference; lastKnownFileType = sourcecode.swift; path = CredentialAuthUseCases.swift; sourceTree = "<group>"; };
		1759D10D2954552A001EB670 /* CredentialAuthGateway.swift */ = {isa = PBXFileReference; lastKnownFileType = sourcecode.swift; path = CredentialAuthGateway.swift; sourceTree = "<group>"; };
		1759D10F29554D3B001EB670 /* AppDelegate.swift */ = {isa = PBXFileReference; lastKnownFileType = sourcecode.swift; path = AppDelegate.swift; sourceTree = "<group>"; };
		1759D11129554DAB001EB670 /* User.swift */ = {isa = PBXFileReference; lastKnownFileType = sourcecode.swift; path = User.swift; sourceTree = "<group>"; };
		1759D11429554EF8001EB670 /* CancelBag.swift */ = {isa = PBXFileReference; lastKnownFileType = sourcecode.swift; path = CancelBag.swift; sourceTree = "<group>"; };
		1759D11929557D81001EB670 /* GetSignInState.swift */ = {isa = PBXFileReference; lastKnownFileType = sourcecode.swift; path = GetSignInState.swift; sourceTree = "<group>"; };
		1759D11B29557DCD001EB670 /* GetSignInMethod.swift */ = {isa = PBXFileReference; lastKnownFileType = sourcecode.swift; path = GetSignInMethod.swift; sourceTree = "<group>"; };
		1759D11D29557EFE001EB670 /* LoginView.swift */ = {isa = PBXFileReference; lastKnownFileType = sourcecode.swift; path = LoginView.swift; sourceTree = "<group>"; };
		1759D123295591A2001EB670 /* Publisher+.swift */ = {isa = PBXFileReference; lastKnownFileType = sourcecode.swift; path = "Publisher+.swift"; sourceTree = "<group>"; };
		1759D125295591B9001EB670 /* View+.swift */ = {isa = PBXFileReference; lastKnownFileType = sourcecode.swift; path = "View+.swift"; sourceTree = "<group>"; };
/* End PBXFileReference section */

/* Begin PBXFrameworksBuildPhase section */
		174F056029595371001E1FA6 /* Frameworks */ = {
			isa = PBXFrameworksBuildPhase;
			buildActionMask = 2147483647;
			files = (
				174F058C295958FD001E1FA6 /* Factory in Frameworks */,
				174F057D29595756001E1FA6 /* CredentialAuth in Frameworks */,
				174F057F29595756001E1FA6 /* GoogleAuth in Frameworks */,
			);
			runOnlyForDeploymentPostprocessing = 0;
		};
		1759D0CB29544977001EB670 /* Frameworks */ = {
			isa = PBXFrameworksBuildPhase;
			buildActionMask = 2147483647;
			files = (
				1759D12129558103001EB670 /* ValidatedPropertyKit in Frameworks */,
				174F055229594037001E1FA6 /* GoogleAuth in Frameworks */,
				1759D10329545253001EB670 /* CredentialAuth in Frameworks */,
				1759D10A29545429001EB670 /* Factory in Frameworks */,
			);
			runOnlyForDeploymentPostprocessing = 0;
		};
/* End PBXFrameworksBuildPhase section */

/* Begin PBXGroup section */
		174F056429595372001E1FA6 /* AuthExampleMVC */ = {
			isa = PBXGroup;
			children = (
				174F058129595803001E1FA6 /* Credential */,
				174F05792959571D001E1FA6 /* Main */,
				174F056529595372001E1FA6 /* AppDelegate.swift */,
				174F056729595372001E1FA6 /* SceneDelegate.swift */,
				174F056B29595372001E1FA6 /* Main.storyboard */,
				174F056E29595372001E1FA6 /* Assets.xcassets */,
				174F057029595372001E1FA6 /* LaunchScreen.storyboard */,
				174F057329595372001E1FA6 /* Info.plist */,
				174F05772959539A001E1FA6 /* GoogleService-Info.plist */,
			);
			path = AuthExampleMVC;
			sourceTree = "<group>";
		};
		174F05792959571D001E1FA6 /* Main */ = {
			isa = PBXGroup;
			children = (
				174F057A29595727001E1FA6 /* MainViewController.swift */,
			);
			path = Main;
			sourceTree = "<group>";
		};
		174F058129595803001E1FA6 /* Credential */ = {
			isa = PBXGroup;
			children = (
				174F05822959586E001E1FA6 /* LoginViewController.swift */,
			);
			path = Credential;
			sourceTree = "<group>";
		};
		1759D0C529544977001EB670 = {
			isa = PBXGroup;
			children = (
				1759D11329554EF1001EB670 /* Support */,
				1759D0FF29545245001EB670 /* Packages */,
				1759D0F729545166001EB670 /* Domain */,
				1759D0F629545161001EB670 /* Data */,
				1759D0D029544977001EB670 /* AuthExample */,
				174F056429595372001E1FA6 /* AuthExampleMVC */,
				1759D0CF29544977001EB670 /* Products */,
				1759D10129545253001EB670 /* Frameworks */,
			);
			sourceTree = "<group>";
		};
		1759D0CF29544977001EB670 /* Products */ = {
			isa = PBXGroup;
			children = (
				1759D0CE29544977001EB670 /* AuthExample.app */,
				174F056329595371001E1FA6 /* AuthExampleMVC.app */,
			);
			name = Products;
			sourceTree = "<group>";
		};
		1759D0D029544977001EB670 /* AuthExample */ = {
			isa = PBXGroup;
			children = (
				1759D105295452DC001EB670 /* Credential */,
				1759D104295452D7001EB670 /* Main */,
				1759D0D129544977001EB670 /* AuthExampleApp.swift */,
				1759D10F29554D3B001EB670 /* AppDelegate.swift */,
				174F055B2959460F001E1FA6 /* Info.plist */,
				174F055929594572001E1FA6 /* GoogleService-Info.plist */,
				1759D0D529544978001EB670 /* Assets.xcassets */,
				1759D0D729544978001EB670 /* Preview Content */,
			);
			path = AuthExample;
			sourceTree = "<group>";
		};
		1759D0D729544978001EB670 /* Preview Content */ = {
			isa = PBXGroup;
			children = (
				1759D0D829544978001EB670 /* Preview Assets.xcassets */,
			);
			path = "Preview Content";
			sourceTree = "<group>";
		};
		1759D0F629545161001EB670 /* Data */ = {
			isa = PBXGroup;
			children = (
				1759D0FA29545195001EB670 /* Gateways */,
			);
			path = Data;
			sourceTree = "<group>";
		};
		1759D0F729545166001EB670 /* Domain */ = {
			isa = PBXGroup;
			children = (
				1759D0F929545180001EB670 /* UseCases */,
				1759D0F82954517A001EB670 /* Entities */,
			);
			path = Domain;
			sourceTree = "<group>";
		};
		1759D0F82954517A001EB670 /* Entities */ = {
			isa = PBXGroup;
			children = (
				1759D0FD295451E1001EB670 /* Token.swift */,
				1759D11129554DAB001EB670 /* User.swift */,
			);
			path = Entities;
			sourceTree = "<group>";
		};
		1759D0F929545180001EB670 /* UseCases */ = {
			isa = PBXGroup;
			children = (
				1759D11629557D48001EB670 /* Auth */,
			);
			path = UseCases;
			sourceTree = "<group>";
		};
		1759D0FA29545195001EB670 /* Gateways */ = {
			isa = PBXGroup;
			children = (
				1759D10D2954552A001EB670 /* CredentialAuthGateway.swift */,
			);
			path = Gateways;
			sourceTree = "<group>";
		};
		1759D0FF29545245001EB670 /* Packages */ = {
			isa = PBXGroup;
			children = (
				1759D10029545245001EB670 /* CredentialAuth */,
				174F05502959402B001E1FA6 /* GoogleAuth */,
			);
			name = Packages;
			sourceTree = "<group>";
		};
		1759D10129545253001EB670 /* Frameworks */ = {
			isa = PBXGroup;
			children = (
			);
			name = Frameworks;
			sourceTree = "<group>";
		};
		1759D104295452D7001EB670 /* Main */ = {
			isa = PBXGroup;
			children = (
				1759D1062954531F001EB670 /* MainView.swift */,
			);
			path = Main;
			sourceTree = "<group>";
		};
		1759D105295452DC001EB670 /* Credential */ = {
			isa = PBXGroup;
			children = (
				1759D11D29557EFE001EB670 /* LoginView.swift */,
			);
			path = Credential;
			sourceTree = "<group>";
		};
		1759D11329554EF1001EB670 /* Support */ = {
			isa = PBXGroup;
			children = (
				1759D1222955919A001EB670 /* Extensions */,
				1759D11429554EF8001EB670 /* CancelBag.swift */,
			);
			path = Support;
			sourceTree = "<group>";
		};
		1759D11629557D48001EB670 /* Auth */ = {
			isa = PBXGroup;
			children = (
				1759D10B2954550D001EB670 /* CredentialAuthUseCases.swift */,
				1759D11929557D81001EB670 /* GetSignInState.swift */,
				1759D11B29557DCD001EB670 /* GetSignInMethod.swift */,
				174F055329594180001E1FA6 /* GoogleSignInUseCases.swift */,
			);
			path = Auth;
			sourceTree = "<group>";
		};
		1759D1222955919A001EB670 /* Extensions */ = {
			isa = PBXGroup;
			children = (
				1759D123295591A2001EB670 /* Publisher+.swift */,
				1759D125295591B9001EB670 /* View+.swift */,
			);
			path = Extensions;
			sourceTree = "<group>";
		};
/* End PBXGroup section */

/* Begin PBXNativeTarget section */
		174F056229595371001E1FA6 /* AuthExampleMVC */ = {
			isa = PBXNativeTarget;
			buildConfigurationList = 174F057429595372001E1FA6 /* Build configuration list for PBXNativeTarget "AuthExampleMVC" */;
			buildPhases = (
				174F055F29595371001E1FA6 /* Sources */,
				174F056029595371001E1FA6 /* Frameworks */,
				174F056129595371001E1FA6 /* Resources */,
			);
			buildRules = (
			);
			dependencies = (
			);
			name = AuthExampleMVC;
			packageProductDependencies = (
				174F057C29595756001E1FA6 /* CredentialAuth */,
				174F057E29595756001E1FA6 /* GoogleAuth */,
				174F058B295958FD001E1FA6 /* Factory */,
			);
			productName = AuthExampleMVC;
			productReference = 174F056329595371001E1FA6 /* AuthExampleMVC.app */;
			productType = "com.apple.product-type.application";
		};
		1759D0CD29544977001EB670 /* AuthExample */ = {
			isa = PBXNativeTarget;
			buildConfigurationList = 1759D0DC29544978001EB670 /* Build configuration list for PBXNativeTarget "AuthExample" */;
			buildPhases = (
				1759D0CA29544977001EB670 /* Sources */,
				1759D0CB29544977001EB670 /* Frameworks */,
				1759D0CC29544977001EB670 /* Resources */,
			);
			buildRules = (
			);
			dependencies = (
			);
			name = AuthExample;
			packageProductDependencies = (
				1759D10229545253001EB670 /* CredentialAuth */,
				1759D10929545429001EB670 /* Factory */,
				1759D12029558103001EB670 /* ValidatedPropertyKit */,
				174F055129594037001E1FA6 /* GoogleAuth */,
			);
			productName = AuthExample;
			productReference = 1759D0CE29544977001EB670 /* AuthExample.app */;
			productType = "com.apple.product-type.application";
		};
/* End PBXNativeTarget section */

/* Begin PBXProject section */
		1759D0C629544977001EB670 /* Project object */ = {
			isa = PBXProject;
			attributes = {
				BuildIndependentTargetsInParallel = 1;
				LastSwiftUpdateCheck = 1420;
				LastUpgradeCheck = 1420;
				ORGANIZATIONNAME = "Sun Asterisk";
				TargetAttributes = {
					174F056229595371001E1FA6 = {
						CreatedOnToolsVersion = 14.2;
					};
					1759D0CD29544977001EB670 = {
						CreatedOnToolsVersion = 14.2;
					};
				};
			};
			buildConfigurationList = 1759D0C929544977001EB670 /* Build configuration list for PBXProject "AuthExample" */;
			compatibilityVersion = "Xcode 14.0";
			developmentRegion = en;
			hasScannedForEncodings = 0;
			knownRegions = (
				en,
				Base,
			);
			mainGroup = 1759D0C529544977001EB670;
			packageReferences = (
				1759D10829545429001EB670 /* XCRemoteSwiftPackageReference "Factory" */,
				1759D11F29558103001EB670 /* XCRemoteSwiftPackageReference "ValidatedPropertyKit" */,
			);
			productRefGroup = 1759D0CF29544977001EB670 /* Products */;
			projectDirPath = "";
			projectRoot = "";
			targets = (
				1759D0CD29544977001EB670 /* AuthExample */,
				174F056229595371001E1FA6 /* AuthExampleMVC */,
			);
		};
/* End PBXProject section */

/* Begin PBXResourcesBuildPhase section */
		174F056129595371001E1FA6 /* Resources */ = {
			isa = PBXResourcesBuildPhase;
			buildActionMask = 2147483647;
			files = (
				174F057229595372001E1FA6 /* LaunchScreen.storyboard in Resources */,
				174F05782959539A001E1FA6 /* GoogleService-Info.plist in Resources */,
				174F056F29595372001E1FA6 /* Assets.xcassets in Resources */,
				174F056D29595372001E1FA6 /* Main.storyboard in Resources */,
			);
			runOnlyForDeploymentPostprocessing = 0;
		};
		1759D0CC29544977001EB670 /* Resources */ = {
			isa = PBXResourcesBuildPhase;
			buildActionMask = 2147483647;
			files = (
				1759D0D929544978001EB670 /* Preview Assets.xcassets in Resources */,
				1759D0D629544978001EB670 /* Assets.xcassets in Resources */,
				174F055A29594572001E1FA6 /* GoogleService-Info.plist in Resources */,
			);
			runOnlyForDeploymentPostprocessing = 0;
		};
/* End PBXResourcesBuildPhase section */

/* Begin PBXSourcesBuildPhase section */
		174F055F29595371001E1FA6 /* Sources */ = {
			isa = PBXSourcesBuildPhase;
			buildActionMask = 2147483647;
			files = (
				174F0586295958A7001E1FA6 /* GetSignInState.swift in Sources */,
				174F0588295958AA001E1FA6 /* Token.swift in Sources */,
				174F0585295958A7001E1FA6 /* GetSignInMethod.swift in Sources */,
				174F058D29595B0B001E1FA6 /* Publisher+.swift in Sources */,
				174F0587295958A7001E1FA6 /* CredentialAuthUseCases.swift in Sources */,
				174F056629595372001E1FA6 /* AppDelegate.swift in Sources */,
				174F056829595372001E1FA6 /* SceneDelegate.swift in Sources */,
				174F05832959586E001E1FA6 /* LoginViewController.swift in Sources */,
				174F0584295958A7001E1FA6 /* GoogleSignInUseCases.swift in Sources */,
				174F058A295958AE001E1FA6 /* CredentialAuthGateway.swift in Sources */,
				174F057B29595727001E1FA6 /* MainViewController.swift in Sources */,
				174F058E29595B0B001E1FA6 /* CancelBag.swift in Sources */,
				174F058F29595B0B001E1FA6 /* View+.swift in Sources */,
				174F0589295958AA001E1FA6 /* User.swift in Sources */,
			);
			runOnlyForDeploymentPostprocessing = 0;
		};
		1759D0CA29544977001EB670 /* Sources */ = {
			isa = PBXSourcesBuildPhase;
			buildActionMask = 2147483647;
			files = (
				1759D11029554D3B001EB670 /* AppDelegate.swift in Sources */,
				1759D10C2954550D001EB670 /* CredentialAuthUseCases.swift in Sources */,
				1759D11529554EF8001EB670 /* CancelBag.swift in Sources */,
				1759D11C29557DCD001EB670 /* GetSignInMethod.swift in Sources */,
				1759D11A29557D81001EB670 /* GetSignInState.swift in Sources */,
				1759D0FE295451E1001EB670 /* Token.swift in Sources */,
				1759D10E2954552A001EB670 /* CredentialAuthGateway.swift in Sources */,
				1759D1072954531F001EB670 /* MainView.swift in Sources */,
				1759D126295591B9001EB670 /* View+.swift in Sources */,
				1759D124295591A2001EB670 /* Publisher+.swift in Sources */,
				174F055429594180001E1FA6 /* GoogleSignInUseCases.swift in Sources */,
				1759D11E29557EFE001EB670 /* LoginView.swift in Sources */,
				1759D0D229544977001EB670 /* AuthExampleApp.swift in Sources */,
				1759D11229554DAB001EB670 /* User.swift in Sources */,
			);
			runOnlyForDeploymentPostprocessing = 0;
		};
/* End PBXSourcesBuildPhase section */

/* Begin PBXVariantGroup section */
		174F056B29595372001E1FA6 /* Main.storyboard */ = {
			isa = PBXVariantGroup;
			children = (
				174F056C29595372001E1FA6 /* Base */,
			);
			name = Main.storyboard;
			sourceTree = "<group>";
		};
		174F057029595372001E1FA6 /* LaunchScreen.storyboard */ = {
			isa = PBXVariantGroup;
			children = (
				174F057129595372001E1FA6 /* Base */,
			);
			name = LaunchScreen.storyboard;
			sourceTree = "<group>";
		};
/* End PBXVariantGroup section */

/* Begin XCBuildConfiguration section */
		174F057529595372001E1FA6 /* Debug */ = {
			isa = XCBuildConfiguration;
			buildSettings = {
				ASSETCATALOG_COMPILER_APPICON_NAME = AppIcon;
				ASSETCATALOG_COMPILER_GLOBAL_ACCENT_COLOR_NAME = AccentColor;
				CODE_SIGN_STYLE = Manual;
				CURRENT_PROJECT_VERSION = 1;
				DEVELOPMENT_TEAM = "";
				GENERATE_INFOPLIST_FILE = YES;
				INFOPLIST_FILE = AuthExampleMVC/Info.plist;
				INFOPLIST_KEY_UIApplicationSupportsIndirectInputEvents = YES;
				INFOPLIST_KEY_UILaunchStoryboardName = LaunchScreen;
				INFOPLIST_KEY_UIMainStoryboardFile = Main;
				INFOPLIST_KEY_UISupportedInterfaceOrientations_iPad = "UIInterfaceOrientationPortrait UIInterfaceOrientationPortraitUpsideDown UIInterfaceOrientationLandscapeLeft UIInterfaceOrientationLandscapeRight";
				INFOPLIST_KEY_UISupportedInterfaceOrientations_iPhone = "UIInterfaceOrientationPortrait UIInterfaceOrientationLandscapeLeft UIInterfaceOrientationLandscapeRight";
				LD_RUNPATH_SEARCH_PATHS = (
					"$(inherited)",
					"@executable_path/Frameworks",
				);
				MARKETING_VERSION = 1.0;
				PRODUCT_BUNDLE_IDENTIFIER = "com.sun-asterisk.AuthExample";
				PRODUCT_NAME = "$(TARGET_NAME)";
				PROVISIONING_PROFILE_SPECIFIER = "";
				SWIFT_EMIT_LOC_STRINGS = YES;
				SWIFT_VERSION = 5.0;
				TARGETED_DEVICE_FAMILY = "1,2";
			};
			name = Debug;
		};
		174F057629595372001E1FA6 /* Release */ = {
			isa = XCBuildConfiguration;
			buildSettings = {
				ASSETCATALOG_COMPILER_APPICON_NAME = AppIcon;
				ASSETCATALOG_COMPILER_GLOBAL_ACCENT_COLOR_NAME = AccentColor;
				CODE_SIGN_STYLE = Manual;
				CURRENT_PROJECT_VERSION = 1;
				DEVELOPMENT_TEAM = "";
				GENERATE_INFOPLIST_FILE = YES;
				INFOPLIST_FILE = AuthExampleMVC/Info.plist;
				INFOPLIST_KEY_UIApplicationSupportsIndirectInputEvents = YES;
				INFOPLIST_KEY_UILaunchStoryboardName = LaunchScreen;
				INFOPLIST_KEY_UIMainStoryboardFile = Main;
				INFOPLIST_KEY_UISupportedInterfaceOrientations_iPad = "UIInterfaceOrientationPortrait UIInterfaceOrientationPortraitUpsideDown UIInterfaceOrientationLandscapeLeft UIInterfaceOrientationLandscapeRight";
				INFOPLIST_KEY_UISupportedInterfaceOrientations_iPhone = "UIInterfaceOrientationPortrait UIInterfaceOrientationLandscapeLeft UIInterfaceOrientationLandscapeRight";
				LD_RUNPATH_SEARCH_PATHS = (
					"$(inherited)",
					"@executable_path/Frameworks",
				);
				MARKETING_VERSION = 1.0;
				PRODUCT_BUNDLE_IDENTIFIER = "com.sun-asterisk.AuthExample";
				PRODUCT_NAME = "$(TARGET_NAME)";
				PROVISIONING_PROFILE_SPECIFIER = "";
				SWIFT_EMIT_LOC_STRINGS = YES;
				SWIFT_VERSION = 5.0;
				TARGETED_DEVICE_FAMILY = "1,2";
			};
			name = Release;
		};
		1759D0DA29544978001EB670 /* Debug */ = {
			isa = XCBuildConfiguration;
			buildSettings = {
				ALWAYS_SEARCH_USER_PATHS = NO;
				CLANG_ANALYZER_NONNULL = YES;
				CLANG_ANALYZER_NUMBER_OBJECT_CONVERSION = YES_AGGRESSIVE;
				CLANG_CXX_LANGUAGE_STANDARD = "gnu++20";
				CLANG_ENABLE_MODULES = YES;
				CLANG_ENABLE_OBJC_ARC = YES;
				CLANG_ENABLE_OBJC_WEAK = YES;
				CLANG_WARN_BLOCK_CAPTURE_AUTORELEASING = YES;
				CLANG_WARN_BOOL_CONVERSION = YES;
				CLANG_WARN_COMMA = YES;
				CLANG_WARN_CONSTANT_CONVERSION = YES;
				CLANG_WARN_DEPRECATED_OBJC_IMPLEMENTATIONS = YES;
				CLANG_WARN_DIRECT_OBJC_ISA_USAGE = YES_ERROR;
				CLANG_WARN_DOCUMENTATION_COMMENTS = YES;
				CLANG_WARN_EMPTY_BODY = YES;
				CLANG_WARN_ENUM_CONVERSION = YES;
				CLANG_WARN_INFINITE_RECURSION = YES;
				CLANG_WARN_INT_CONVERSION = YES;
				CLANG_WARN_NON_LITERAL_NULL_CONVERSION = YES;
				CLANG_WARN_OBJC_IMPLICIT_RETAIN_SELF = YES;
				CLANG_WARN_OBJC_LITERAL_CONVERSION = YES;
				CLANG_WARN_OBJC_ROOT_CLASS = YES_ERROR;
				CLANG_WARN_QUOTED_INCLUDE_IN_FRAMEWORK_HEADER = YES;
				CLANG_WARN_RANGE_LOOP_ANALYSIS = YES;
				CLANG_WARN_STRICT_PROTOTYPES = YES;
				CLANG_WARN_SUSPICIOUS_MOVE = YES;
				CLANG_WARN_UNGUARDED_AVAILABILITY = YES_AGGRESSIVE;
				CLANG_WARN_UNREACHABLE_CODE = YES;
				CLANG_WARN__DUPLICATE_METHOD_MATCH = YES;
				COPY_PHASE_STRIP = NO;
				DEBUG_INFORMATION_FORMAT = dwarf;
				ENABLE_STRICT_OBJC_MSGSEND = YES;
				ENABLE_TESTABILITY = YES;
				GCC_C_LANGUAGE_STANDARD = gnu11;
				GCC_DYNAMIC_NO_PIC = NO;
				GCC_NO_COMMON_BLOCKS = YES;
				GCC_OPTIMIZATION_LEVEL = 0;
				GCC_PREPROCESSOR_DEFINITIONS = (
					"DEBUG=1",
					"$(inherited)",
				);
				GCC_WARN_64_TO_32_BIT_CONVERSION = YES;
				GCC_WARN_ABOUT_RETURN_TYPE = YES_ERROR;
				GCC_WARN_UNDECLARED_SELECTOR = YES;
				GCC_WARN_UNINITIALIZED_AUTOS = YES_AGGRESSIVE;
				GCC_WARN_UNUSED_FUNCTION = YES;
				GCC_WARN_UNUSED_VARIABLE = YES;
				IPHONEOS_DEPLOYMENT_TARGET = 16.2;
				MTL_ENABLE_DEBUG_INFO = INCLUDE_SOURCE;
				MTL_FAST_MATH = YES;
				ONLY_ACTIVE_ARCH = YES;
				SDKROOT = iphoneos;
				SWIFT_ACTIVE_COMPILATION_CONDITIONS = DEBUG;
				SWIFT_OPTIMIZATION_LEVEL = "-Onone";
			};
			name = Debug;
		};
		1759D0DB29544978001EB670 /* Release */ = {
			isa = XCBuildConfiguration;
			buildSettings = {
				ALWAYS_SEARCH_USER_PATHS = NO;
				CLANG_ANALYZER_NONNULL = YES;
				CLANG_ANALYZER_NUMBER_OBJECT_CONVERSION = YES_AGGRESSIVE;
				CLANG_CXX_LANGUAGE_STANDARD = "gnu++20";
				CLANG_ENABLE_MODULES = YES;
				CLANG_ENABLE_OBJC_ARC = YES;
				CLANG_ENABLE_OBJC_WEAK = YES;
				CLANG_WARN_BLOCK_CAPTURE_AUTORELEASING = YES;
				CLANG_WARN_BOOL_CONVERSION = YES;
				CLANG_WARN_COMMA = YES;
				CLANG_WARN_CONSTANT_CONVERSION = YES;
				CLANG_WARN_DEPRECATED_OBJC_IMPLEMENTATIONS = YES;
				CLANG_WARN_DIRECT_OBJC_ISA_USAGE = YES_ERROR;
				CLANG_WARN_DOCUMENTATION_COMMENTS = YES;
				CLANG_WARN_EMPTY_BODY = YES;
				CLANG_WARN_ENUM_CONVERSION = YES;
				CLANG_WARN_INFINITE_RECURSION = YES;
				CLANG_WARN_INT_CONVERSION = YES;
				CLANG_WARN_NON_LITERAL_NULL_CONVERSION = YES;
				CLANG_WARN_OBJC_IMPLICIT_RETAIN_SELF = YES;
				CLANG_WARN_OBJC_LITERAL_CONVERSION = YES;
				CLANG_WARN_OBJC_ROOT_CLASS = YES_ERROR;
				CLANG_WARN_QUOTED_INCLUDE_IN_FRAMEWORK_HEADER = YES;
				CLANG_WARN_RANGE_LOOP_ANALYSIS = YES;
				CLANG_WARN_STRICT_PROTOTYPES = YES;
				CLANG_WARN_SUSPICIOUS_MOVE = YES;
				CLANG_WARN_UNGUARDED_AVAILABILITY = YES_AGGRESSIVE;
				CLANG_WARN_UNREACHABLE_CODE = YES;
				CLANG_WARN__DUPLICATE_METHOD_MATCH = YES;
				COPY_PHASE_STRIP = NO;
				DEBUG_INFORMATION_FORMAT = "dwarf-with-dsym";
				ENABLE_NS_ASSERTIONS = NO;
				ENABLE_STRICT_OBJC_MSGSEND = YES;
				GCC_C_LANGUAGE_STANDARD = gnu11;
				GCC_NO_COMMON_BLOCKS = YES;
				GCC_WARN_64_TO_32_BIT_CONVERSION = YES;
				GCC_WARN_ABOUT_RETURN_TYPE = YES_ERROR;
				GCC_WARN_UNDECLARED_SELECTOR = YES;
				GCC_WARN_UNINITIALIZED_AUTOS = YES_AGGRESSIVE;
				GCC_WARN_UNUSED_FUNCTION = YES;
				GCC_WARN_UNUSED_VARIABLE = YES;
				IPHONEOS_DEPLOYMENT_TARGET = 16.2;
				MTL_ENABLE_DEBUG_INFO = NO;
				MTL_FAST_MATH = YES;
				SDKROOT = iphoneos;
				SWIFT_COMPILATION_MODE = wholemodule;
				SWIFT_OPTIMIZATION_LEVEL = "-O";
				VALIDATE_PRODUCT = YES;
			};
			name = Release;
		};
		1759D0DD29544978001EB670 /* Debug */ = {
			isa = XCBuildConfiguration;
			buildSettings = {
				ASSETCATALOG_COMPILER_APPICON_NAME = AppIcon;
				ASSETCATALOG_COMPILER_GLOBAL_ACCENT_COLOR_NAME = AccentColor;
				CODE_SIGN_STYLE = Manual;
				CURRENT_PROJECT_VERSION = 1;
				DEVELOPMENT_ASSET_PATHS = "\"AuthExample/Preview Content\"";
				DEVELOPMENT_TEAM = "";
				ENABLE_PREVIEWS = YES;
				GENERATE_INFOPLIST_FILE = YES;
				INFOPLIST_FILE = AuthExample/Info.plist;
				INFOPLIST_KEY_UIApplicationSceneManifest_Generation = YES;
				INFOPLIST_KEY_UIApplicationSupportsIndirectInputEvents = YES;
				INFOPLIST_KEY_UILaunchScreen_Generation = YES;
				INFOPLIST_KEY_UISupportedInterfaceOrientations = UIInterfaceOrientationPortrait;
				INFOPLIST_KEY_UISupportedInterfaceOrientations_iPad = "UIInterfaceOrientationLandscapeLeft UIInterfaceOrientationLandscapeRight UIInterfaceOrientationPortrait UIInterfaceOrientationPortraitUpsideDown";
				LD_RUNPATH_SEARCH_PATHS = (
					"$(inherited)",
					"@executable_path/Frameworks",
				);
				MARKETING_VERSION = 1.0;
				PRODUCT_BUNDLE_IDENTIFIER = "com.sun-asterisk.AuthExample";
				PRODUCT_NAME = "$(TARGET_NAME)";
				PROVISIONING_PROFILE_SPECIFIER = "";
				SWIFT_EMIT_LOC_STRINGS = YES;
				SWIFT_VERSION = 5.0;
				TARGETED_DEVICE_FAMILY = "1,2";
			};
			name = Debug;
		};
		1759D0DE29544978001EB670 /* Release */ = {
			isa = XCBuildConfiguration;
			buildSettings = {
				ASSETCATALOG_COMPILER_APPICON_NAME = AppIcon;
				ASSETCATALOG_COMPILER_GLOBAL_ACCENT_COLOR_NAME = AccentColor;
				CODE_SIGN_STYLE = Manual;
				CURRENT_PROJECT_VERSION = 1;
				DEVELOPMENT_ASSET_PATHS = "\"AuthExample/Preview Content\"";
				DEVELOPMENT_TEAM = "";
				ENABLE_PREVIEWS = YES;
				GENERATE_INFOPLIST_FILE = YES;
				INFOPLIST_FILE = AuthExample/Info.plist;
				INFOPLIST_KEY_UIApplicationSceneManifest_Generation = YES;
				INFOPLIST_KEY_UIApplicationSupportsIndirectInputEvents = YES;
				INFOPLIST_KEY_UILaunchScreen_Generation = YES;
				INFOPLIST_KEY_UISupportedInterfaceOrientations = UIInterfaceOrientationPortrait;
				INFOPLIST_KEY_UISupportedInterfaceOrientations_iPad = "UIInterfaceOrientationLandscapeLeft UIInterfaceOrientationLandscapeRight UIInterfaceOrientationPortrait UIInterfaceOrientationPortraitUpsideDown";
				LD_RUNPATH_SEARCH_PATHS = (
					"$(inherited)",
					"@executable_path/Frameworks",
				);
				MARKETING_VERSION = 1.0;
				PRODUCT_BUNDLE_IDENTIFIER = "com.sun-asterisk.AuthExample";
				PRODUCT_NAME = "$(TARGET_NAME)";
				PROVISIONING_PROFILE_SPECIFIER = "";
				SWIFT_EMIT_LOC_STRINGS = YES;
				SWIFT_VERSION = 5.0;
				TARGETED_DEVICE_FAMILY = "1,2";
			};
			name = Release;
		};
/* End XCBuildConfiguration section */

/* Begin XCConfigurationList section */
		174F057429595372001E1FA6 /* Build configuration list for PBXNativeTarget "AuthExampleMVC" */ = {
			isa = XCConfigurationList;
			buildConfigurations = (
				174F057529595372001E1FA6 /* Debug */,
				174F057629595372001E1FA6 /* Release */,
			);
			defaultConfigurationIsVisible = 0;
			defaultConfigurationName = Release;
		};
		1759D0C929544977001EB670 /* Build configuration list for PBXProject "AuthExample" */ = {
			isa = XCConfigurationList;
			buildConfigurations = (
				1759D0DA29544978001EB670 /* Debug */,
				1759D0DB29544978001EB670 /* Release */,
			);
			defaultConfigurationIsVisible = 0;
			defaultConfigurationName = Release;
		};
		1759D0DC29544978001EB670 /* Build configuration list for PBXNativeTarget "AuthExample" */ = {
			isa = XCConfigurationList;
			buildConfigurations = (
				1759D0DD29544978001EB670 /* Debug */,
				1759D0DE29544978001EB670 /* Release */,
			);
			defaultConfigurationIsVisible = 0;
			defaultConfigurationName = Release;
		};
/* End XCConfigurationList section */

/* Begin XCRemoteSwiftPackageReference section */
		1759D10829545429001EB670 /* XCRemoteSwiftPackageReference "Factory" */ = {
			isa = XCRemoteSwiftPackageReference;
			repositoryURL = "https://github.com/hmlongco/Factory";
			requirement = {
				kind = upToNextMajorVersion;
				minimumVersion = 1.0.0;
			};
		};
		1759D11F29558103001EB670 /* XCRemoteSwiftPackageReference "ValidatedPropertyKit" */ = {
			isa = XCRemoteSwiftPackageReference;
			repositoryURL = "https://github.com/SvenTiigi/ValidatedPropertyKit";
			requirement = {
				branch = master;
				kind = branch;
			};
		};
/* End XCRemoteSwiftPackageReference section */

/* Begin XCSwiftPackageProductDependency section */
		174F055129594037001E1FA6 /* GoogleAuth */ = {
			isa = XCSwiftPackageProductDependency;
			productName = GoogleAuth;
		};
		174F057C29595756001E1FA6 /* CredentialAuth */ = {
			isa = XCSwiftPackageProductDependency;
			productName = CredentialAuth;
		};
		174F057E29595756001E1FA6 /* GoogleAuth */ = {
			isa = XCSwiftPackageProductDependency;
			productName = GoogleAuth;
		};
		174F058B295958FD001E1FA6 /* Factory */ = {
			isa = XCSwiftPackageProductDependency;
			package = 1759D10829545429001EB670 /* XCRemoteSwiftPackageReference "Factory" */;
			productName = Factory;
		};
		1759D10229545253001EB670 /* CredentialAuth */ = {
			isa = XCSwiftPackageProductDependency;
			productName = CredentialAuth;
		};
		1759D10929545429001EB670 /* Factory */ = {
			isa = XCSwiftPackageProductDependency;
			package = 1759D10829545429001EB670 /* XCRemoteSwiftPackageReference "Factory" */;
			productName = Factory;
		};
		1759D12029558103001EB670 /* ValidatedPropertyKit */ = {
			isa = XCSwiftPackageProductDependency;
			package = 1759D11F29558103001EB670 /* XCRemoteSwiftPackageReference "ValidatedPropertyKit" */;
			productName = ValidatedPropertyKit;
		};
/* End XCSwiftPackageProductDependency section */
	};
	rootObject = 1759D0C629544977001EB670 /* Project object */;
}
